<Solution>
  <Project Path="AppHost/ShoesShop.AppHost/ShoesShop.AppHost.csproj" />
  <Project Path="Catalog.Api/Catalog.Api.csproj" />
  <Project Path="Gateway/Gateway.csproj" />
  <Project Path="ServiceDefaults/ShoesShop.ServiceDefaults/ShoesShop.ServiceDefaults.csproj" />
  <Project Path="Shared/ShoesShop.Shared/ShoesShop.Shared.csproj" />
</Solution>
